{
  "name": "nightshift-hotels",
  "lockfileVersion": 3,
  "requires": true,
  "packages": {
    "": {
      "name": "nightshift-hotels",
      "version": "1.0.0",
      "dependencies": {
        "@supabase/supabase-js": "^2.49.1",
        "twilio": "^4.0.0",
        "@sendgrid/mail": "^7.7.0"
      }
    }
  }
}
